
Microsoft Visual Studio Solution File, Format Version 12.00
# Visual Studio Version 17
VisualStudioVersion = 17.7.34031.279
MinimumVisualStudioVersion = 10.0.40219.1
Project("{9A19103F-16F7-4668-BE54-9A1E7A4F7556}") = "eBook", "eBook\eBook.csproj", "{2160BD0E-8C2B-4EBC-BB2E-C610E1B70550}"
EndProject
Global
	GlobalSection(SolutionConfigurationPlatforms) = preSolution
		Debug|Any CPU = Debug|Any CPU
		Release|Any CPU = Release|Any CPU
	EndGlobalSection
	GlobalSection(ProjectConfigurationPlatforms) = postSolution
		{2160BD0E-8C2B-4EBC-BB2E-C610E1B70550}.Debug|Any CPU.ActiveCfg = Debug|Any CPU
		{2160BD0E-8C2B-4EBC-BB2E-C610E1B70550}.Debug|Any CPU.Build.0 = Debug|Any CPU
		{2160BD0E-8C2B-4EBC-BB2E-C610E1B70550}.Release|Any CPU.ActiveCfg = Release|Any CPU
		{2160BD0E-8C2B-4EBC-BB2E-C610E1B70550}.Release|Any CPU.Build.0 = Release|Any CPU
	EndGlobalSection
	GlobalSection(SolutionProperties) = preSolution
		HideSolutionNode = FALSE
	EndGlobalSection
	GlobalSection(ExtensibilityGlobals) = postSolution
		SolutionGuid = {38EC1BCA-046E-4652-83E9-DF2B326623DA}
	EndGlobalSection
EndGlobal
